
Microsoft Visual Studio Solution File, Format Version 12.00
# Visual Studio 15
VisualStudioVersion = 15.0.28307.902
MinimumVisualStudioVersion = 10.0.40219.1
Project("{FAE04EC0-301F-11D3-BF4B-00C04F79EFBC}") = "TimesheetMobile.Android", "TimesheetMobile\TimesheetMobile.Android\TimesheetMobile.Android.csproj", "{7E1BB76D-C9B3-4F2F-AA44-29F02B4FDE62}"
EndProject
Project("{FAE04EC0-301F-11D3-BF4B-00C04F79EFBC}") = "TimesheetMobile.iOS", "TimesheetMobile\TimesheetMobile.iOS\TimesheetMobile.iOS.csproj", "{5B175B78-3E34-4C68-93E3-33396B06DE5B}"
EndProject
Project("{FAE04EC0-301F-11D3-BF4B-00C04F79EFBC}") = "TimesheetMobile", "TimesheetMobile\TimesheetMobile\TimesheetMobile.csproj", "{90D8EEE9-0CBE-47F0-B66E-3C27E13D9BED}"
EndProject
Global
	GlobalSection(SolutionConfigurationPlatforms) = preSolution
		Ad-Hoc|Any CPU = Ad-Hoc|Any CPU
		Ad-Hoc|iPhone = Ad-Hoc|iPhone
		Ad-Hoc|iPhoneSimulator = Ad-Hoc|iPhoneSimulator
		AppStore|Any CPU = AppStore|Any CPU
		AppStore|iPhone = AppStore|iPhone
		AppStore|iPhoneSimulator = AppStore|iPhoneSimulator
		Debug|Any CPU = Debug|Any CPU
		Debug|iPhone = Debug|iPhone
		Debug|iPhoneSimulator = Debug|iPhoneSimulator
		Release|Any CPU = Release|Any CPU
		Release|iPhone = Release|iPhone
		Release|iPhoneSimulator = Release|iPhoneSimulator
	EndGlobalSection
	GlobalSection(ProjectConfigurationPlatforms) = postSolution
		{7E1BB76D-C9B3-4F2F-AA44-29F02B4FDE62}.Ad-Hoc|Any CPU.ActiveCfg = Release|Any CPU
		{7E1BB76D-C9B3-4F2F-AA44-29F02B4FDE62}.Ad-Hoc|Any CPU.Build.0 = Release|Any CPU
		{7E1BB76D-C9B3-4F2F-AA44-29F02B4FDE62}.Ad-Hoc|Any CPU.Deploy.0 = Release|Any CPU
		{7E1BB76D-C9B3-4F2F-AA44-29F02B4FDE62}.Ad-Hoc|iPhone.ActiveCfg = Release|Any CPU
		{7E1BB76D-C9B3-4F2F-AA44-29F02B4FDE62}.Ad-Hoc|iPhone.Build.0 = Release|Any CPU
		{7E1BB76D-C9B3-4F2F-AA44-29F02B4FDE62}.Ad-Hoc|iPhone.Deploy.0 = Release|Any CPU
		{7E1BB76D-C9B3-4F2F-AA44-29F02B4FDE62}.Ad-Hoc|iPhoneSimulator.ActiveCfg = Release|Any CPU
		{7E1BB76D-C9B3-4F2F-AA44-29F02B4FDE62}.Ad-Hoc|iPhoneSimulator.Build.0 = Release|Any CPU
		{7E1BB76D-C9B3-4F2F-AA44-29F02B4FDE62}.Ad-Hoc|iPhoneSimulator.Deploy.0 = Release|Any CPU
		{7E1BB76D-C9B3-4F2F-AA44-29F02B4FDE62}.AppStore|Any CPU.ActiveCfg = Release|Any CPU
		{7E1BB76D-C9B3-4F2F-AA44-29F02B4FDE62}.AppStore|Any CPU.Build.0 = Release|Any CPU
		{7E1BB76D-C9B3-4F2F-AA44-29F02B4FDE62}.AppStore|Any CPU.Deploy.0 = Release|Any CPU
		{7E1BB76D-C9B3-4F2F-AA44-29F02B4FDE62}.AppStore|iPhone.ActiveCfg = Release|Any CPU
		{7E1BB76D-C9B3-4F2F-AA44-29F02B4FDE62}.AppStore|iPhone.Build.0 = Release|Any CPU
		{7E1BB76D-C9B3-4F2F-AA44-29F02B4FDE62}.AppStore|iPhone.Deploy.0 = Release|Any CPU
		{7E1BB76D-C9B3-4F2F-AA44-29F02B4FDE62}.AppStore|iPhoneSimulator.ActiveCfg = Release|Any CPU
		{7E1BB76D-C9B3-4F2F-AA44-29F02B4FDE62}.AppStore|iPhoneSimulator.Build.0 = Release|Any CPU
		{7E1BB76D-C9B3-4F2F-AA44-29F02B4FDE62}.AppStore|iPhoneSimulator.Deploy.0 = Release|Any CPU
		{7E1BB76D-C9B3-4F2F-AA44-29F02B4FDE62}.Debug|Any CPU.ActiveCfg = Debug|Any CPU
		{7E1BB76D-C9B3-4F2F-AA44-29F02B4FDE62}.Debug|Any CPU.Build.0 = Debug|Any CPU
		{7E1BB76D-C9B3-4F2F-AA44-29F02B4FDE62}.Debug|Any CPU.Deploy.0 = Debug|Any CPU
		{7E1BB76D-C9B3-4F2F-AA44-29F02B4FDE62}.Debug|iPhone.ActiveCfg = Debug|Any CPU
		{7E1BB76D-C9B3-4F2F-AA44-29F02B4FDE62}.Debug|iPhone.Build.0 = Debug|Any CPU
		{7E1BB76D-C9B3-4F2F-AA44-29F02B4FDE62}.Debug|iPhone.Deploy.0 = Debug|Any CPU
		{7E1BB76D-C9B3-4F2F-AA44-29F02B4FDE62}.Debug|iPhoneSimulator.ActiveCfg = Debug|Any CPU
		{7E1BB76D-C9B3-4F2F-AA44-29F02B4FDE62}.Debug|iPhoneSimulator.Build.0 = Debug|Any CPU
		{7E1BB76D-C9B3-4F2F-AA44-29F02B4FDE62}.Debug|iPhoneSimulator.Deploy.0 = Debug|Any CPU
		{7E1BB76D-C9B3-4F2F-AA44-29F02B4FDE62}.Release|Any CPU.ActiveCfg = Release|Any CPU
		{7E1BB76D-C9B3-4F2F-AA44-29F02B4FDE62}.Release|Any CPU.Build.0 = Release|Any CPU
		{7E1BB76D-C9B3-4F2F-AA44-29F02B4FDE62}.Release|Any CPU.Deploy.0 = Release|Any CPU
		{7E1BB76D-C9B3-4F2F-AA44-29F02B4FDE62}.Release|iPhone.ActiveCfg = Release|Any CPU
		{7E1BB76D-C9B3-4F2F-AA44-29F02B4FDE62}.Release|iPhone.Build.0 = Release|Any CPU
		{7E1BB76D-C9B3-4F2F-AA44-29F02B4FDE62}.Release|iPhone.Deploy.0 = Release|Any CPU
		{7E1BB76D-C9B3-4F2F-AA44-29F02B4FDE62}.Release|iPhoneSimulator.ActiveCfg = Release|Any CPU
		{7E1BB76D-C9B3-4F2F-AA44-29F02B4FDE62}.Release|iPhoneSimulator.Build.0 = Release|Any CPU
		{7E1BB76D-C9B3-4F2F-AA44-29F02B4FDE62}.Release|iPhoneSimulator.Deploy.0 = Release|Any CPU
		{5B175B78-3E34-4C68-93E3-33396B06DE5B}.Ad-Hoc|Any CPU.ActiveCfg = Ad-Hoc|iPhone
		{5B175B78-3E34-4C68-93E3-33396B06DE5B}.Ad-Hoc|Any CPU.Build.0 = Ad-Hoc|iPhone
		{5B175B78-3E34-4C68-93E3-33396B06DE5B}.Ad-Hoc|Any CPU.Deploy.0 = Ad-Hoc|iPhone
		{5B175B78-3E34-4C68-93E3-33396B06DE5B}.Ad-Hoc|iPhone.ActiveCfg = Ad-Hoc|iPhone
		{5B175B78-3E34-4C68-93E3-33396B06DE5B}.Ad-Hoc|iPhone.Build.0 = Ad-Hoc|iPhone
		{5B175B78-3E34-4C68-93E3-33396B06DE5B}.Ad-Hoc|iPhone.Deploy.0 = Ad-Hoc|iPhone
		{5B175B78-3E34-4C68-93E3-33396B06DE5B}.Ad-Hoc|iPhoneSimulator.ActiveCfg = Ad-Hoc|iPhoneSimulator
		{5B175B78-3E34-4C68-93E3-33396B06DE5B}.Ad-Hoc|iPhoneSimulator.Build.0 = Ad-Hoc|iPhoneSimulator
		{5B175B78-3E34-4C68-93E3-33396B06DE5B}.Ad-Hoc|iPhoneSimulator.Deploy.0 = Ad-Hoc|iPhoneSimulator
		{5B175B78-3E34-4C68-93E3-33396B06DE5B}.AppStore|Any CPU.ActiveCfg = AppStore|iPhone
		{5B175B78-3E34-4C68-93E3-33396B06DE5B}.AppStore|Any CPU.Build.0 = AppStore|iPhone
		{5B175B78-3E34-4C68-93E3-33396B06DE5B}.AppStore|Any CPU.Deploy.0 = AppStore|iPhone
		{5B175B78-3E34-4C68-93E3-33396B06DE5B}.AppStore|iPhone.ActiveCfg = AppStore|iPhone
		{5B175B78-3E34-4C68-93E3-33396B06DE5B}.AppStore|iPhone.Build.0 = AppStore|iPhone
		{5B175B78-3E34-4C68-93E3-33396B06DE5B}.AppStore|iPhone.Deploy.0 = AppStore|iPhone
		{5B175B78-3E34-4C68-93E3-33396B06DE5B}.AppStore|iPhoneSimulator.ActiveCfg = AppStore|iPhoneSimulator
		{5B175B78-3E34-4C68-93E3-33396B06DE5B}.AppStore|iPhoneSimulator.Build.0 = AppStore|iPhoneSimulator
		{5B175B78-3E34-4C68-93E3-33396B06DE5B}.AppStore|iPhoneSimulator.Deploy.0 = AppStore|iPhoneSimulator
		{5B175B78-3E34-4C68-93E3-33396B06DE5B}.Debug|Any CPU.ActiveCfg = Debug|iPhoneSimulator
		{5B175B78-3E34-4C68-93E3-33396B06DE5B}.Debug|Any CPU.Build.0 = Debug|iPhoneSimulator
		{5B175B78-3E34-4C68-93E3-33396B06DE5B}.Debug|Any CPU.Deploy.0 = Debug|iPhoneSimulator
		{5B175B78-3E34-4C68-93E3-33396B06DE5B}.Debug|iPhone.ActiveCfg = Debug|iPhone
		{5B175B78-3E34-4C68-93E3-33396B06DE5B}.Debug|iPhone.Build.0 = Debug|iPhone
		{5B175B78-3E34-4C68-93E3-33396B06DE5B}.Debug|iPhone.Deploy.0 = Debug|iPhone
		{5B175B78-3E34-4C68-93E3-33396B06DE5B}.Debug|iPhoneSimulator.ActiveCfg = Debug|iPhoneSimulator
		{5B175B78-3E34-4C68-93E3-33396B06DE5B}.Debug|iPhoneSimulator.Build.0 = Debug|iPhoneSimulator
		{5B175B78-3E34-4C68-93E3-33396B06DE5B}.Debug|iPhoneSimulator.Deploy.0 = Debug|iPhoneSimulator
		{5B175B78-3E34-4C68-93E3-33396B06DE5B}.Release|Any CPU.ActiveCfg = Release|iPhone
		{5B175B78-3E34-4C68-93E3-33396B06DE5B}.Release|Any CPU.Build.0 = Release|iPhone
		{5B175B78-3E34-4C68-93E3-33396B06DE5B}.Release|Any CPU.Deploy.0 = Release|iPhone
		{5B175B78-3E34-4C68-93E3-33396B06DE5B}.Release|iPhone.ActiveCfg = Release|iPhone
		{5B175B78-3E34-4C68-93E3-33396B06DE5B}.Release|iPhone.Build.0 = Release|iPhone
		{5B175B78-3E34-4C68-93E3-33396B06DE5B}.Release|iPhone.Deploy.0 = Release|iPhone
		{5B175B78-3E34-4C68-93E3-33396B06DE5B}.Release|iPhoneSimulator.ActiveCfg = Release|iPhoneSimulator
		{5B175B78-3E34-4C68-93E3-33396B06DE5B}.Release|iPhoneSimulator.Build.0 = Release|iPhoneSimulator
		{5B175B78-3E34-4C68-93E3-33396B06DE5B}.Release|iPhoneSimulator.Deploy.0 = Release|iPhoneSimulator
		{90D8EEE9-0CBE-47F0-B66E-3C27E13D9BED}.Ad-Hoc|Any CPU.ActiveCfg = Debug|Any CPU
		{90D8EEE9-0CBE-47F0-B66E-3C27E13D9BED}.Ad-Hoc|Any CPU.Build.0 = Debug|Any CPU
		{90D8EEE9-0CBE-47F0-B66E-3C27E13D9BED}.Ad-Hoc|Any CPU.Deploy.0 = Debug|Any CPU
		{90D8EEE9-0CBE-47F0-B66E-3C27E13D9BED}.Ad-Hoc|iPhone.ActiveCfg = Debug|Any CPU
		{90D8EEE9-0CBE-47F0-B66E-3C27E13D9BED}.Ad-Hoc|iPhone.Build.0 = Debug|Any CPU
		{90D8EEE9-0CBE-47F0-B66E-3C27E13D9BED}.Ad-Hoc|iPhone.Deploy.0 = Debug|Any CPU
		{90D8EEE9-0CBE-47F0-B66E-3C27E13D9BED}.Ad-Hoc|iPhoneSimulator.ActiveCfg = Debug|Any CPU
		{90D8EEE9-0CBE-47F0-B66E-3C27E13D9BED}.Ad-Hoc|iPhoneSimulator.Build.0 = Debug|Any CPU
		{90D8EEE9-0CBE-47F0-B66E-3C27E13D9BED}.Ad-Hoc|iPhoneSimulator.Deploy.0 = Debug|Any CPU
		{90D8EEE9-0CBE-47F0-B66E-3C27E13D9BED}.AppStore|Any CPU.ActiveCfg = Debug|Any CPU
		{90D8EEE9-0CBE-47F0-B66E-3C27E13D9BED}.AppStore|Any CPU.Build.0 = Debug|Any CPU
		{90D8EEE9-0CBE-47F0-B66E-3C27E13D9BED}.AppStore|Any CPU.Deploy.0 = Debug|Any CPU
		{90D8EEE9-0CBE-47F0-B66E-3C27E13D9BED}.AppStore|iPhone.ActiveCfg = Debug|Any CPU
		{90D8EEE9-0CBE-47F0-B66E-3C27E13D9BED}.AppStore|iPhone.Build.0 = Debug|Any CPU
		{90D8EEE9-0CBE-47F0-B66E-3C27E13D9BED}.AppStore|iPhone.Deploy.0 = Debug|Any CPU
		{90D8EEE9-0CBE-47F0-B66E-3C27E13D9BED}.AppStore|iPhoneSimulator.ActiveCfg = Debug|Any CPU
		{90D8EEE9-0CBE-47F0-B66E-3C27E13D9BED}.AppStore|iPhoneSimulator.Build.0 = Debug|Any CPU
		{90D8EEE9-0CBE-47F0-B66E-3C27E13D9BED}.AppStore|iPhoneSimulator.Deploy.0 = Debug|Any CPU
		{90D8EEE9-0CBE-47F0-B66E-3C27E13D9BED}.Debug|Any CPU.ActiveCfg = Debug|Any CPU
		{90D8EEE9-0CBE-47F0-B66E-3C27E13D9BED}.Debug|Any CPU.Build.0 = Debug|Any CPU
		{90D8EEE9-0CBE-47F0-B66E-3C27E13D9BED}.Debug|Any CPU.Deploy.0 = Debug|Any CPU
		{90D8EEE9-0CBE-47F0-B66E-3C27E13D9BED}.Debug|iPhone.ActiveCfg = Debug|Any CPU
		{90D8EEE9-0CBE-47F0-B66E-3C27E13D9BED}.Debug|iPhone.Build.0 = Debug|Any CPU
		{90D8EEE9-0CBE-47F0-B66E-3C27E13D9BED}.Debug|iPhone.Deploy.0 = Debug|Any CPU
		{90D8EEE9-0CBE-47F0-B66E-3C27E13D9BED}.Debug|iPhoneSimulator.ActiveCfg = Debug|Any CPU
		{90D8EEE9-0CBE-47F0-B66E-3C27E13D9BED}.Debug|iPhoneSimulator.Build.0 = Debug|Any CPU
		{90D8EEE9-0CBE-47F0-B66E-3C27E13D9BED}.Debug|iPhoneSimulator.Deploy.0 = Debug|Any CPU
		{90D8EEE9-0CBE-47F0-B66E-3C27E13D9BED}.Release|Any CPU.ActiveCfg = Release|Any CPU
		{90D8EEE9-0CBE-47F0-B66E-3C27E13D9BED}.Release|Any CPU.Build.0 = Release|Any CPU
		{90D8EEE9-0CBE-47F0-B66E-3C27E13D9BED}.Release|Any CPU.Deploy.0 = Release|Any CPU
		{90D8EEE9-0CBE-47F0-B66E-3C27E13D9BED}.Release|iPhone.ActiveCfg = Release|Any CPU
		{90D8EEE9-0CBE-47F0-B66E-3C27E13D9BED}.Release|iPhone.Build.0 = Release|Any CPU
		{90D8EEE9-0CBE-47F0-B66E-3C27E13D9BED}.Release|iPhone.Deploy.0 = Release|Any CPU
		{90D8EEE9-0CBE-47F0-B66E-3C27E13D9BED}.Release|iPhoneSimulator.ActiveCfg = Release|Any CPU
		{90D8EEE9-0CBE-47F0-B66E-3C27E13D9BED}.Release|iPhoneSimulator.Build.0 = Release|Any CPU
		{90D8EEE9-0CBE-47F0-B66E-3C27E13D9BED}.Release|iPhoneSimulator.Deploy.0 = Release|Any CPU
	EndGlobalSection
	GlobalSection(SolutionProperties) = preSolution
		HideSolutionNode = FALSE
	EndGlobalSection
	GlobalSection(ExtensibilityGlobals) = postSolution
		SolutionGuid = {1B01602D-D33F-452B-AD74-979C62C0768F}
	EndGlobalSection
EndGlobal
